// !$*UTF8*$!
{
	archiveVersion = 1;
	classes = {
	};
	objectVersion = 46;
	objects = {

/* Begin PBXBuildFile section */
		BD3BAC791AEDDD790081FCE0 /* main.m in Sources */ = {isa = PBXBuildFile; fileRef = BD3BAC781AEDDD790081FCE0 /* main.m */; };
		BD3BAC7C1AEDDD790081FCE0 /* AppDelegate.m in Sources */ = {isa = PBXBuildFile; fileRef = BD3BAC7B1AEDDD790081FCE0 /* AppDelegate.m */; };
		BD3BAC7F1AEDDD790081FCE0 /* Graffiti.xcdatamodeld in Sources */ = {isa = PBXBuildFile; fileRef = BD3BAC7D1AEDDD790081FCE0 /* Graffiti.xcdatamodeld */; };
		BD3BAC821AEDDD790081FCE0 /* ViewController.m in Sources */ = {isa = PBXBuildFile; fileRef = BD3BAC811AEDDD790081FCE0 /* ViewController.m */; };
		BD3BAC851AEDDD790081FCE0 /* Main.storyboard in Resources */ = {isa = PBXBuildFile; fileRef = BD3BAC831AEDDD790081FCE0 /* Main.storyboard */; };
		BD3BAC871AEDDD790081FCE0 /* Images.xcassets in Resources */ = {isa = PBXBuildFile; fileRef = BD3BAC861AEDDD790081FCE0 /* Images.xcassets */; };
		BD3BAC8A1AEDDD790081FCE0 /* LaunchScreen.xib in Resources */ = {isa = PBXBuildFile; fileRef = BD3BAC881AEDDD790081FCE0 /* LaunchScreen.xib */; };
		BD3BAC961AEDDD790081FCE0 /* GraffitiTests.m in Sources */ = {isa = PBXBuildFile; fileRef = BD3BAC951AEDDD790081FCE0 /* GraffitiTests.m */; };
		BD3BACA11AEDDE080081FCE0 /* HellenView.m in Sources */ = {isa = PBXBuildFile; fileRef = BD3BACA01AEDDE080081FCE0 /* HellenView.m */; };
/* End PBXBuildFile section */

/* Begin PBXContainerItemProxy section */
		BD3BAC901AEDDD790081FCE0 /* PBXContainerItemProxy */ = {
			isa = PBXContainerItemProxy;
			containerPortal = BD3BAC6B1AEDDD790081FCE0 /* Project object */;
			proxyType = 1;
			remoteGlobalIDString = BD3BAC721AEDDD790081FCE0;
			remoteInfo = Graffiti;
		};
/* End PBXContainerItemProxy section */

/* Begin PBXFileReference section */
		BD3BAC731AEDDD790081FCE0 /* Graffiti.app */ = {isa = PBXFileReference; explicitFileType = wrapper.application; includeInIndex = 0; path = Graffiti.app; sourceTree = BUILT_PRODUCTS_DIR; };
		BD3BAC771AEDDD790081FCE0 /* Info.plist */ = {isa = PBXFileReference; lastKnownFileType = text.plist.xml; path = Info.plist; sourceTree = "<group>"; };
		BD3BAC781AEDDD790081FCE0 /* main.m */ = {isa = PBXFileReference; lastKnownFileType = sourcecode.c.objc; path = main.m; sourceTree = "<group>"; };
		BD3BAC7A1AEDDD790081FCE0 /* AppDelegate.h */ = {isa = PBXFileReference; lastKnownFileType = sourcecode.c.h; path = AppDelegate.h; sourceTree = "<group>"; };
		BD3BAC7B1AEDDD790081FCE0 /* AppDelegate.m */ = {isa = PBXFileReference; lastKnownFileType = sourcecode.c.objc; path = AppDelegate.m; sourceTree = "<group>"; };
		BD3BAC7E1AEDDD790081FCE0 /* Graffiti.xcdatamodel */ = {isa = PBXFileReference; lastKnownFileType = wrapper.xcdatamodel; path = Graffiti.xcdatamodel; sourceTree = "<group>"; };
		BD3BAC801AEDDD790081FCE0 /* ViewController.h */ = {isa = PBXFileReference; lastKnownFileType = sourcecode.c.h; path = ViewController.h; sourceTree = "<group>"; };
		BD3BAC811AEDDD790081FCE0 /* ViewController.m */ = {isa = PBXFileReference; lastKnownFileType = sourcecode.c.objc; path = ViewController.m; sourceTree = "<group>"; };
		BD3BAC841AEDDD790081FCE0 /* Base */ = {isa = PBXFileReference; lastKnownFileType = file.storyboard; name = Base; path = Base.lproj/Main.storyboard; sourceTree = "<group>"; };
		BD3BAC861AEDDD790081FCE0 /* Images.xcassets */ = {isa = PBXFileReference; lastKnownFileType = folder.assetcatalog; path = Images.xcassets; sourceTree = "<group>"; };
		BD3BAC891AEDDD790081FCE0 /* Base */ = {isa = PBXFileReference; lastKnownFileType = file.xib; name = Base; path = Base.lproj/LaunchScreen.xib; sourceTree = "<group>"; };
		BD3BAC8F1AEDDD790081FCE0 /* GraffitiTests.xctest */ = {isa = PBXFileReference; explicitFileType = wrapper.cfbundle; includeInIndex = 0; path = GraffitiTests.xctest; sourceTree = BUILT_PRODUCTS_DIR; };
		BD3BAC941AEDDD790081FCE0 /* Info.plist */ = {isa = PBXFileReference; lastKnownFileType = text.plist.xml; path = Info.plist; sourceTree = "<group>"; };
		BD3BAC951AEDDD790081FCE0 /* GraffitiTests.m */ = {isa = PBXFileReference; lastKnownFileType = sourcecode.c.objc; path = GraffitiTests.m; sourceTree = "<group>"; };
		BD3BAC9F1AEDDE080081FCE0 /* HellenView.h */ = {isa = PBXFileReference; fileEncoding = 4; lastKnownFileType = sourcecode.c.h; path = HellenView.h; sourceTree = "<group>"; };
		BD3BACA01AEDDE080081FCE0 /* HellenView.m */ = {isa = PBXFileReference; fileEncoding = 4; lastKnownFileType = sourcecode.c.objc; path = HellenView.m; sourceTree = "<group>"; };
/* End PBXFileReference section */

/* Begin PBXFrameworksBuildPhase section */
		BD3BAC701AEDDD790081FCE0 /* Frameworks */ = {
			isa = PBXFrameworksBuildPhase;
			buildActionMask = 2147483647;
			files = (
			);
			runOnlyForDeploymentPostprocessing = 0;
		};
		BD3BAC8C1AEDDD790081FCE0 /* Frameworks */ = {
			isa = PBXFrameworksBuildPhase;
			buildActionMask = 2147483647;
			files = (
			);
			runOnlyForDeploymentPostprocessing = 0;
		};
/* End PBXFrameworksBuildPhase section */

/* Begin PBXGroup section */
		BD3BAC6A1AEDDD790081FCE0 = {
			isa = PBXGroup;
			children = (
				BD3BAC751AEDDD790081FCE0 /* Graffiti */,
				BD3BAC921AEDDD790081FCE0 /* GraffitiTests */,
				BD3BAC741AEDDD790081FCE0 /* Products */,
			);
			sourceTree = "<group>";
		};
		BD3BAC741AEDDD790081FCE0 /* Products */ = {
			isa = PBXGroup;
			children = (
				BD3BAC731AEDDD790081FCE0 /* Graffiti.app */,
				BD3BAC8F1AEDDD790081FCE0 /* GraffitiTests.xctest */,
			);
			name = Products;
			sourceTree = "<group>";
		};
		BD3BAC751AEDDD790081FCE0 /* Graffiti */ = {
			isa = PBXGroup;
			children = (
				BD3BAC7A1AEDDD790081FCE0 /* AppDelegate.h */,
				BD3BAC7B1AEDDD790081FCE0 /* AppDelegate.m */,
				BD3BAC801AEDDD790081FCE0 /* ViewController.h */,
				BD3BAC811AEDDD790081FCE0 /* ViewController.m */,
				BD3BAC831AEDDD790081FCE0 /* Main.storyboard */,
				BD3BAC861AEDDD790081FCE0 /* Images.xcassets */,
				BD3BAC881AEDDD790081FCE0 /* LaunchScreen.xib */,
				BD3BAC7D1AEDDD790081FCE0 /* Graffiti.xcdatamodeld */,
				BD3BAC761AEDDD790081FCE0 /* Supporting Files */,
				BD3BAC9F1AEDDE080081FCE0 /* HellenView.h */,
				BD3BACA01AEDDE080081FCE0 /* HellenView.m */,
			);
			path = Graffiti;
			sourceTree = "<group>";
		};
		BD3BAC761AEDDD790081FCE0 /* Supporting Files */ = {
			isa = PBXGroup;
			children = (
				BD3BAC771AEDDD790081FCE0 /* Info.plist */,
				BD3BAC781AEDDD790081FCE0 /* main.m */,
			);
			name = "Supporting Files";
			sourceTree = "<group>";
		};
		BD3BAC921AEDDD790081FCE0 /* GraffitiTests */ = {
			isa = PBXGroup;
			children = (
				BD3BAC951AEDDD790081FCE0 /* GraffitiTests.m */,
				BD3BAC931AEDDD790081FCE0 /* Supporting Files */,
			);
			path = GraffitiTests;
			sourceTree = "<group>";
		};
		BD3BAC931AEDDD790081FCE0 /* Supporting Files */ = {
			isa = PBXGroup;
			children = (
				BD3BAC941AEDDD790081FCE0 /* Info.plist */,
			);
			name = "Supporting Files";
			sourceTree = "<group>";
		};
/* End PBXGroup section */

/* Begin PBXNativeTarget section */
		BD3BAC721AEDDD790081FCE0 /* Graffiti */ = {
			isa = PBXNativeTarget;
			buildConfigurationList = BD3BAC991AEDDD790081FCE0 /* Build configuration list for PBXNativeTarget "Graffiti" */;
			buildPhases = (
				BD3BAC6F1AEDDD790081FCE0 /* Sources */,
				BD3BAC701AEDDD790081FCE0 /* Frameworks */,
				BD3BAC711AEDDD790081FCE0 /* Resources */,
			);
			buildRules = (
			);
			dependencies = (
			);
			name = Graffiti;
			productName = Graffiti;
			productReference = BD3BAC731AEDDD790081FCE0 /* Graffiti.app */;
			productType = "com.apple.product-type.application";
		};
		BD3BAC8E1AEDDD790081FCE0 /* GraffitiTests */ = {
			isa = PBXNativeTarget;
			buildConfigurationList = BD3BAC9C1AEDDD790081FCE0 /* Build configuration list for PBXNativeTarget "GraffitiTests" */;
			buildPhases = (
				BD3BAC8B1AEDDD790081FCE0 /* Sources */,
				BD3BAC8C1AEDDD790081FCE0 /* Frameworks */,
				BD3BAC8D1AEDDD790081FCE0 /* Resources */,
			);
			buildRules = (
			);
			dependencies = (
				BD3BAC911AEDDD790081FCE0 /* PBXTargetDependency */,
			);
			name = GraffitiTests;
			productName = GraffitiTests;
			productReference = BD3BAC8F1AEDDD790081FCE0 /* GraffitiTests.xctest */;
			productType = "com.apple.product-type.bundle.unit-test";
		};
/* End PBXNativeTarget section */

/* Begin PBXProject section */
		BD3BAC6B1AEDDD790081FCE0 /* Project object */ = {
			isa = PBXProject;
			attributes = {
				LastUpgradeCheck = 0620;
				ORGANIZATIONNAME = bottle;
				TargetAttributes = {
					BD3BAC721AEDDD790081FCE0 = {
						CreatedOnToolsVersion = 6.2;
					};
					BD3BAC8E1AEDDD790081FCE0 = {
						CreatedOnToolsVersion = 6.2;
						TestTargetID = BD3BAC721AEDDD790081FCE0;
					};
				};
			};
			buildConfigurationList = BD3BAC6E1AEDDD790081FCE0 /* Build configuration list for PBXProject "Graffiti" */;
			compatibilityVersion = "Xcode 3.2";
			developmentRegion = English;
			hasScannedForEncodings = 0;
			knownRegions = (
				en,
				Base,
			);
			mainGroup = BD3BAC6A1AEDDD790081FCE0;
			productRefGroup = BD3BAC741AEDDD790081FCE0 /* Products */;
			projectDirPath = "";
			projectRoot = "";
			targets = (
				BD3BAC721AEDDD790081FCE0 /* Graffiti */,
				BD3BAC8E1AEDDD790081FCE0 /* GraffitiTests */,
			);
		};
/* End PBXProject section */

/* Begin PBXResourcesBuildPhase section */
		BD3BAC711AEDDD790081FCE0 /* Resources */ = {
			isa = PBXResourcesBuildPhase;
			buildActionMask = 2147483647;
			files = (
				BD3BAC851AEDDD790081FCE0 /* Main.storyboard in Resources */,
				BD3BAC8A1AEDDD790081FCE0 /* LaunchScreen.xib in Resources */,
				BD3BAC871AEDDD790081FCE0 /* Images.xcassets in Resources */,
			);
			runOnlyForDeploymentPostprocessing = 0;
		};
		BD3BAC8D1AEDDD790081FCE0 /* Resources */ = {
			isa = PBXResourcesBuildPhase;
			buildActionMask = 2147483647;
			files = (
			);
			runOnlyForDeploymentPostprocessing = 0;
		};
/* End PBXResourcesBuildPhase section */

/* Begin PBXSourcesBuildPhase section */
		BD3BAC6F1AEDDD790081FCE0 /* Sources */ = {
			isa = PBXSourcesBuildPhase;
			buildActionMask = 2147483647;
			files = (
				BD3BAC7C1AEDDD790081FCE0 /* AppDelegate.m in Sources */,
				BD3BAC791AEDDD790081FCE0 /* main.m in Sources */,
				BD3BACA11AEDDE080081FCE0 /* HellenView.m in Sources */,
				BD3BAC821AEDDD790081FCE0 /* ViewController.m in Sources */,
				BD3BAC7F1AEDDD790081FCE0 /* Graffiti.xcdatamodeld in Sources */,
			);
			runOnlyForDeploymentPostprocessing = 0;
		};
		BD3BAC8B1AEDDD790081FCE0 /* Sources */ = {
			isa = PBXSourcesBuildPhase;
			buildActionMask = 2147483647;
			files = (
				BD3BAC961AEDDD790081FCE0 /* GraffitiTests.m in Sources */,
			);
			runOnlyForDeploymentPostprocessing = 0;
		};
/* End PBXSourcesBuildPhase section */

/* Begin PBXTargetDependency section */
		BD3BAC911AEDDD790081FCE0 /* PBXTargetDependency */ = {
			isa = PBXTargetDependency;
			target = BD3BAC721AEDDD790081FCE0 /* Graffiti */;
			targetProxy = BD3BAC901AEDDD790081FCE0 /* PBXContainerItemProxy */;
		};
/* End PBXTargetDependency section */

/* Begin PBXVariantGroup section */
		BD3BAC831AEDDD790081FCE0 /* Main.storyboard */ = {
			isa = PBXVariantGroup;
			children = (
				BD3BAC841AEDDD790081FCE0 /* Base */,
			);
			name = Main.storyboard;
			sourceTree = "<group>";
		};
		BD3BAC881AEDDD790081FCE0 /* LaunchScreen.xib */ = {
			isa = PBXVariantGroup;
			children = (
				BD3BAC891AEDDD790081FCE0 /* Base */,
			);
			name = LaunchScreen.xib;
			sourceTree = "<group>";
		};
/* End PBXVariantGroup section */

/* Begin XCBuildConfiguration section */
		BD3BAC971AEDDD790081FCE0 /* Debug */ = {
			isa = XCBuildConfiguration;
			buildSettings = {
				ALWAYS_SEARCH_USER_PATHS = NO;
				CLANG_CXX_LANGUAGE_STANDARD = "gnu++0x";
				CLANG_CXX_LIBRARY = "libc++";
				CLANG_ENABLE_MODULES = YES;
				CLANG_ENABLE_OBJC_ARC = YES;
				CLANG_WARN_BOOL_CONVERSION = YES;
				CLANG_WARN_CONSTANT_CONVERSION = YES;
				CLANG_WARN_DIRECT_OBJC_ISA_USAGE = YES_ERROR;
				CLANG_WARN_EMPTY_BODY = YES;
				CLANG_WARN_ENUM_CONVERSION = YES;
				CLANG_WARN_INT_CONVERSION = YES;
				CLANG_WARN_OBJC_ROOT_CLASS = YES_ERROR;
				CLANG_WARN_UNREACHABLE_CODE = YES;
				CLANG_WARN__DUPLICATE_METHOD_MATCH = YES;
				"CODE_SIGN_IDENTITY[sdk=iphoneos*]" = "iPhone Developer";
				COPY_PHASE_STRIP = NO;
				ENABLE_STRICT_OBJC_MSGSEND = YES;
				GCC_C_LANGUAGE_STANDARD = gnu99;
				GCC_DYNAMIC_NO_PIC = NO;
				GCC_OPTIMIZATION_LEVEL = 0;
				GCC_PREPROCESSOR_DEFINITIONS = (
					"DEBUG=1",
					"$(inherited)",
				);
				GCC_SYMBOLS_PRIVATE_EXTERN = NO;
				GCC_WARN_64_TO_32_BIT_CONVERSION = YES;
				GCC_WARN_ABOUT_RETURN_TYPE = YES_ERROR;
				GCC_WARN_UNDECLARED_SELECTOR = YES;
				GCC_WARN_UNINITIALIZED_AUTOS = YES_AGGRESSIVE;
				GCC_WARN_UNUSED_FUNCTION = YES;
				GCC_WARN_UNUSED_VARIABLE = YES;
				IPHONEOS_DEPLOYMENT_TARGET = 8.2;
				MTL_ENABLE_DEBUG_INFO = YES;
				ONLY_ACTIVE_ARCH = YES;
				SDKROOT = iphoneos;
			};
			name = Debug;
		};
		BD3BAC981AEDDD790081FCE0 /* Release */ = {
			isa = XCBuildConfiguration;
			buildSettings = {
				ALWAYS_SEARCH_USER_PATHS = NO;
				CLANG_CXX_LANGUAGE_STANDARD = "gnu++0x";
				CLANG_CXX_LIBRARY = "libc++";
				CLANG_ENABLE_MODULES = YES;
				CLANG_ENABLE_OBJC_ARC = YES;
				CLANG_WARN_BOOL_CONVERSION = YES;
				CLANG_WARN_CONSTANT_CONVERSION = YES;
				CLANG_WARN_DIRECT_OBJC_ISA_USAGE = YES_ERROR;
				CLANG_WARN_EMPTY_BODY = YES;
				CLANG_WARN_ENUM_CONVERSION = YES;
				CLANG_WARN_INT_CONVERSION = YES;
				CLANG_WARN_OBJC_ROOT_CLASS = YES_ERROR;
				CLANG_WARN_UNREACHABLE_CODE = YES;
				CLANG_WARN__DUPLICATE_METHOD_MATCH = YES;
				"CODE_SIGN_IDENTITY[sdk=iphoneos*]" = "iPhone Developer";
				COPY_PHASE_STRIP = NO;
				ENABLE_NS_ASSERTIONS = NO;
				ENABLE_STRICT_OBJC_MSGSEND = YES;
				GCC_C_LANGUAGE_STANDARD = gnu99;
				GCC_WARN_64_TO_32_BIT_CONVERSION = YES;
				GCC_WARN_ABOUT_RETURN_TYPE = YES_ERROR;
				GCC_WARN_UNDECLARED_SELECTOR = YES;
				GCC_WARN_UNINITIALIZED_AUTOS = YES_AGGRESSIVE;
				GCC_WARN_UNUSED_FUNCTION = YES;
				GCC_WARN_UNUSED_VARIABLE = YES;
				IPHONEOS_DEPLOYMENT_TARGET = 8.2;
				MTL_ENABLE_DEBUG_INFO = NO;
				SDKROOT = iphoneos;
				VALIDATE_PRODUCT = YES;
			};
			name = Release;
		};
		BD3BAC9A1AEDDD790081FCE0 /* Debug */ = {
			isa = XCBuildConfiguration;
			buildSettings = {
				ASSETCATALOG_COMPILER_APPICON_NAME = AppIcon;
				INFOPLIST_FILE = Graffiti/Info.plist;
				LD_RUNPATH_SEARCH_PATHS = "$(inherited) @executable_path/Frameworks";
				PRODUCT_NAME = "$(TARGET_NAME)";
			};
			name = Debug;
		};
		BD3BAC9B1AEDDD790081FCE0 /* Release */ = {
			isa = XCBuildConfiguration;
			buildSettings = {
				ASSETCATALOG_COMPILER_APPICON_NAME = AppIcon;
				INFOPLIST_FILE = Graffiti/Info.plist;
				LD_RUNPATH_SEARCH_PATHS = "$(inherited) @executable_path/Frameworks";
				PRODUCT_NAME = "$(TARGET_NAME)";
			};
			name = Release;
		};
		BD3BAC9D1AEDDD790081FCE0 /* Debug */ = {
			isa = XCBuildConfiguration;
			buildSettings = {
				BUNDLE_LOADER = "$(TEST_HOST)";
				FRAMEWORK_SEARCH_PATHS = (
					"$(SDKROOT)/Developer/Library/Frameworks",
					"$(inherited)",
				);
				GCC_PREPROCESSOR_DEFINITIONS = (
					"DEBUG=1",
					"$(inherited)",
				);
				INFOPLIST_FILE = GraffitiTests/Info.plist;
				LD_RUNPATH_SEARCH_PATHS = "$(inherited) @executable_path/Frameworks @loader_path/Frameworks";
				PRODUCT_NAME = "$(TARGET_NAME)";
				TEST_HOST = "$(BUILT_PRODUCTS_DIR)/Graffiti.app/Graffiti";
			};
			name = Debug;
		};
		BD3BAC9E1AEDDD790081FCE0 /* Release */ = {
			isa = XCBuildConfiguration;
			buildSettings = {
				BUNDLE_LOADER = "$(TEST_HOST)";
				FRAMEWORK_SEARCH_PATHS = (
					"$(SDKROOT)/Developer/Library/Frameworks",
					"$(inherited)",
				);
				INFOPLIST_FILE = GraffitiTests/Info.plist;
				LD_RUNPATH_SEARCH_PATHS = "$(inherited) @executable_path/Frameworks @loader_path/Frameworks";
				PRODUCT_NAME = "$(TARGET_NAME)";
				TEST_HOST = "$(BUILT_PRODUCTS_DIR)/Graffiti.app/Graffiti";
			};
			name = Release;
		};
/* End XCBuildConfiguration section */

/* Begin XCConfigurationList section */
		BD3BAC6E1AEDDD790081FCE0 /* Build configuration list for PBXProject "Graffiti" */ = {
			isa = XCConfigurationList;
			buildConfigurations = (
				BD3BAC971AEDDD790081FCE0 /* Debug */,
				BD3BAC981AEDDD790081FCE0 /* Release */,
			);
			defaultConfigurationIsVisible = 0;
			defaultConfigurationName = Release;
		};
		BD3BAC991AEDDD790081FCE0 /* Build configuration list for PBXNativeTarget "Graffiti" */ = {
			isa = XCConfigurationList;
			buildConfigurations = (
				BD3BAC9A1AEDDD790081FCE0 /* Debug */,
				BD3BAC9B1AEDDD790081FCE0 /* Release */,
			);
			defaultConfigurationIsVisible = 0;
		};
		BD3BAC9C1AEDDD790081FCE0 /* Build configuration list for PBXNativeTarget "GraffitiTests" */ = {
			isa = XCConfigurationList;
			buildConfigurations = (
				BD3BAC9D1AEDDD790081FCE0 /* Debug */,
				BD3BAC9E1AEDDD790081FCE0 /* Release */,
			);
			defaultConfigurationIsVisible = 0;
		};
/* End XCConfigurationList section */

/* Begin XCVersionGroup section */
		BD3BAC7D1AEDDD790081FCE0 /* Graffiti.xcdatamodeld */ = {
			isa = XCVersionGroup;
			children = (
				BD3BAC7E1AEDDD790081FCE0 /* Graffiti.xcdatamodel */,
			);
			currentVersion = BD3BAC7E1AEDDD790081FCE0 /* Graffiti.xcdatamodel */;
			path = Graffiti.xcdatamodeld;
			sourceTree = "<group>";
			versionGroupType = wrapper.xcdatamodel;
		};
/* End XCVersionGroup section */
	};
	rootObject = BD3BAC6B1AEDDD790081FCE0 /* Project object */;
}
